// !$*UTF8*$!
{
	archiveVersion = 1;
	classes = {
	};
	objectVersion = 56;
	objects = {

/* Begin PBXBuildFile section */
		85CBBFA62954CD8D00E3C634 /* ScreensApp.swift in Sources */ = {isa = PBXBuildFile; fileRef = 85CBBFA52954CD8D00E3C634 /* ScreensApp.swift */; };
		85CBBFA82954CD8D00E3C634 /* ContentView.swift in Sources */ = {isa = PBXBuildFile; fileRef = 85CBBFA72954CD8D00E3C634 /* ContentView.swift */; };
		85CBBFAA2954CD8E00E3C634 /* Assets.xcassets in Resources */ = {isa = PBXBuildFile; fileRef = 85CBBFA92954CD8E00E3C634 /* Assets.xcassets */; };
		85CBBFAD2954CD8E00E3C634 /* Preview Assets.xcassets in Resources */ = {isa = PBXBuildFile; fileRef = 85CBBFAC2954CD8E00E3C634 /* Preview Assets.xcassets */; };
		85CBBFB52954CDE500E3C634 /* ScreensModel.swift in Sources */ = {isa = PBXBuildFile; fileRef = 85CBBFB42954CDE500E3C634 /* ScreensModel.swift */; };
		85CBBFB72954D35A00E3C634 /* ScreenOutputParser.swift in Sources */ = {isa = PBXBuildFile; fileRef = 85CBBFB62954D35A00E3C634 /* ScreenOutputParser.swift */; };
/* End PBXBuildFile section */

/* Begin PBXFileReference section */
		8504378D2958CE5600F9424C /* Info.plist */ = {isa = PBXFileReference; lastKnownFileType = text.plist; path = Info.plist; sourceTree = "<group>"; };
		85CBBFA22954CD8D00E3C634 /* Screens.app */ = {isa = PBXFileReference; explicitFileType = wrapper.application; includeInIndex = 0; path = Screens.app; sourceTree = BUILT_PRODUCTS_DIR; };
		85CBBFA52954CD8D00E3C634 /* ScreensApp.swift */ = {isa = PBXFileReference; lastKnownFileType = sourcecode.swift; path = ScreensApp.swift; sourceTree = "<group>"; };
		85CBBFA72954CD8D00E3C634 /* ContentView.swift */ = {isa = PBXFileReference; lastKnownFileType = sourcecode.swift; path = ContentView.swift; sourceTree = "<group>"; };
		85CBBFA92954CD8E00E3C634 /* Assets.xcassets */ = {isa = PBXFileReference; lastKnownFileType = folder.assetcatalog; path = Assets.xcassets; sourceTree = "<group>"; };
		85CBBFAC2954CD8E00E3C634 /* Preview Assets.xcassets */ = {isa = PBXFileReference; lastKnownFileType = folder.assetcatalog; path = "Preview Assets.xcassets"; sourceTree = "<group>"; };
		85CBBFAE2954CD8E00E3C634 /* Screens.entitlements */ = {isa = PBXFileReference; lastKnownFileType = text.plist.entitlements; path = Screens.entitlements; sourceTree = "<group>"; };
		85CBBFB42954CDE500E3C634 /* ScreensModel.swift */ = {isa = PBXFileReference; lastKnownFileType = sourcecode.swift; path = ScreensModel.swift; sourceTree = "<group>"; };
		85CBBFB62954D35A00E3C634 /* ScreenOutputParser.swift */ = {isa = PBXFileReference; lastKnownFileType = sourcecode.swift; path = ScreenOutputParser.swift; sourceTree = "<group>"; };
/* End PBXFileReference section */

/* Begin PBXFrameworksBuildPhase section */
		85CBBF9F2954CD8D00E3C634 /* Frameworks */ = {
			isa = PBXFrameworksBuildPhase;
			buildActionMask = 2147483647;
			files = (
			);
			runOnlyForDeploymentPostprocessing = 0;
		};
/* End PBXFrameworksBuildPhase section */

/* Begin PBXGroup section */
		85CBBF992954CD8D00E3C634 = {
			isa = PBXGroup;
			children = (
				85CBBFA42954CD8D00E3C634 /* Screens */,
				85CBBFA32954CD8D00E3C634 /* Products */,
			);
			sourceTree = "<group>";
		};
		85CBBFA32954CD8D00E3C634 /* Products */ = {
			isa = PBXGroup;
			children = (
				85CBBFA22954CD8D00E3C634 /* Screens.app */,
			);
			name = Products;
			sourceTree = "<group>";
		};
		85CBBFA42954CD8D00E3C634 /* Screens */ = {
			isa = PBXGroup;
			children = (
				8504378D2958CE5600F9424C /* Info.plist */,
				85CBBFA52954CD8D00E3C634 /* ScreensApp.swift */,
				85CBBFA72954CD8D00E3C634 /* ContentView.swift */,
				85CBBFB42954CDE500E3C634 /* ScreensModel.swift */,
				85CBBFB62954D35A00E3C634 /* ScreenOutputParser.swift */,
				85CBBFA92954CD8E00E3C634 /* Assets.xcassets */,
				85CBBFAE2954CD8E00E3C634 /* Screens.entitlements */,
				85CBBFAB2954CD8E00E3C634 /* Preview Content */,
			);
			path = Screens;
			sourceTree = "<group>";
		};
		85CBBFAB2954CD8E00E3C634 /* Preview Content */ = {
			isa = PBXGroup;
			children = (
				85CBBFAC2954CD8E00E3C634 /* Preview Assets.xcassets */,
			);
			path = "Preview Content";
			sourceTree = "<group>";
		};
/* End PBXGroup section */

/* Begin PBXNativeTarget section */
		85CBBFA12954CD8D00E3C634 /* Screens */ = {
			isa = PBXNativeTarget;
			buildConfigurationList = 85CBBFB12954CD8E00E3C634 /* Build configuration list for PBXNativeTarget "Screens" */;
			buildPhases = (
				85CBBF9E2954CD8D00E3C634 /* Sources */,
				85CBBF9F2954CD8D00E3C634 /* Frameworks */,
				85CBBFA02954CD8D00E3C634 /* Resources */,
			);
			buildRules = (
			);
			dependencies = (
			);
			name = Screens;
			productName = Screens;
			productReference = 85CBBFA22954CD8D00E3C634 /* Screens.app */;
			productType = "com.apple.product-type.application";
		};
/* End PBXNativeTarget section */

/* Begin PBXProject section */
		85CBBF9A2954CD8D00E3C634 /* Project object */ = {
			isa = PBXProject;
			attributes = {
				BuildIndependentTargetsInParallel = 1;
				LastSwiftUpdateCheck = 1410;
				LastUpgradeCheck = 1410;
				TargetAttributes = {
					85CBBFA12954CD8D00E3C634 = {
						CreatedOnToolsVersion = 14.1;
					};
				};
			};
			buildConfigurationList = 85CBBF9D2954CD8D00E3C634 /* Build configuration list for PBXProject "Screens" */;
			compatibilityVersion = "Xcode 14.0";
			developmentRegion = en;
			hasScannedForEncodings = 0;
			knownRegions = (
				en,
				Base,
			);
			mainGroup = 85CBBF992954CD8D00E3C634;
			productRefGroup = 85CBBFA32954CD8D00E3C634 /* Products */;
			projectDirPath = "";
			projectRoot = "";
			targets = (
				85CBBFA12954CD8D00E3C634 /* Screens */,
			);
		};
/* End PBXProject section */

/* Begin PBXResourcesBuildPhase section */
		85CBBFA02954CD8D00E3C634 /* Resources */ = {
			isa = PBXResourcesBuildPhase;
			buildActionMask = 2147483647;
			files = (
				85CBBFAD2954CD8E00E3C634 /* Preview Assets.xcassets in Resources */,
				85CBBFAA2954CD8E00E3C634 /* Assets.xcassets in Resources */,
			);
			runOnlyForDeploymentPostprocessing = 0;
		};
/* End PBXResourcesBuildPhase section */

/* Begin PBXSourcesBuildPhase section */
		85CBBF9E2954CD8D00E3C634 /* Sources */ = {
			isa = PBXSourcesBuildPhase;
			buildActionMask = 2147483647;
			files = (
				85CBBFB52954CDE500E3C634 /* ScreensModel.swift in Sources */,
				85CBBFB72954D35A00E3C634 /* ScreenOutputParser.swift in Sources */,
				85CBBFA82954CD8D00E3C634 /* ContentView.swift in Sources */,
				85CBBFA62954CD8D00E3C634 /* ScreensApp.swift in Sources */,
			);
			runOnlyForDeploymentPostprocessing = 0;
		};
/* End PBXSourcesBuildPhase section */

/* Begin XCBuildConfiguration section */
		85CBBFAF2954CD8E00E3C634 /* Debug */ = {
			isa = XCBuildConfiguration;
			buildSettings = {
				ALWAYS_SEARCH_USER_PATHS = NO;
				CLANG_ANALYZER_NONNULL = YES;
				CLANG_ANALYZER_NUMBER_OBJECT_CONVERSION = YES_AGGRESSIVE;
				CLANG_CXX_LANGUAGE_STANDARD = "gnu++20";
				CLANG_ENABLE_MODULES = YES;
				CLANG_ENABLE_OBJC_ARC = YES;
				CLANG_ENABLE_OBJC_WEAK = YES;
				CLANG_WARN_BLOCK_CAPTURE_AUTORELEASING = YES;
				CLANG_WARN_BOOL_CONVERSION = YES;
				CLANG_WARN_COMMA = YES;
				CLANG_WARN_CONSTANT_CONVERSION = YES;
				CLANG_WARN_DEPRECATED_OBJC_IMPLEMENTATIONS = YES;
				CLANG_WARN_DIRECT_OBJC_ISA_USAGE = YES_ERROR;
				CLANG_WARN_DOCUMENTATION_COMMENTS = YES;
				CLANG_WARN_EMPTY_BODY = YES;
				CLANG_WARN_ENUM_CONVERSION = YES;
				CLANG_WARN_INFINITE_RECURSION = YES;
				CLANG_WARN_INT_CONVERSION = YES;
				CLANG_WARN_NON_LITERAL_NULL_CONVERSION = YES;
				CLANG_WARN_OBJC_IMPLICIT_RETAIN_SELF = YES;
				CLANG_WARN_OBJC_LITERAL_CONVERSION = YES;
				CLANG_WARN_OBJC_ROOT_CLASS = YES_ERROR;
				CLANG_WARN_QUOTED_INCLUDE_IN_FRAMEWORK_HEADER = YES;
				CLANG_WARN_RANGE_LOOP_ANALYSIS = YES;
				CLANG_WARN_STRICT_PROTOTYPES = YES;
				CLANG_WARN_SUSPICIOUS_MOVE = YES;
				CLANG_WARN_UNGUARDED_AVAILABILITY = YES_AGGRESSIVE;
				CLANG_WARN_UNREACHABLE_CODE = YES;
				CLANG_WARN__DUPLICATE_METHOD_MATCH = YES;
				COPY_PHASE_STRIP = NO;
				DEBUG_INFORMATION_FORMAT = dwarf;
				ENABLE_STRICT_OBJC_MSGSEND = YES;
				ENABLE_TESTABILITY = YES;
				GCC_C_LANGUAGE_STANDARD = gnu11;
				GCC_DYNAMIC_NO_PIC = NO;
				GCC_NO_COMMON_BLOCKS = YES;
				GCC_OPTIMIZATION_LEVEL = 0;
				GCC_PREPROCESSOR_DEFINITIONS = (
					"DEBUG=1",
					"$(inherited)",
				);
				GCC_WARN_64_TO_32_BIT_CONVERSION = YES;
				GCC_WARN_ABOUT_RETURN_TYPE = YES_ERROR;
				GCC_WARN_UNDECLARED_SELECTOR = YES;
				GCC_WARN_UNINITIALIZED_AUTOS = YES_AGGRESSIVE;
				GCC_WARN_UNUSED_FUNCTION = YES;
				GCC_WARN_UNUSED_VARIABLE = YES;
				MACOSX_DEPLOYMENT_TARGET = 12.6;
				MTL_ENABLE_DEBUG_INFO = INCLUDE_SOURCE;
				MTL_FAST_MATH = YES;
				ONLY_ACTIVE_ARCH = YES;
				SDKROOT = macosx;
				SWIFT_ACTIVE_COMPILATION_CONDITIONS = DEBUG;
				SWIFT_OPTIMIZATION_LEVEL = "-Onone";
			};
			name = Debug;
		};
		85CBBFB02954CD8E00E3C634 /* Release */ = {
			isa = XCBuildConfiguration;
			buildSettings = {
				ALWAYS_SEARCH_USER_PATHS = NO;
				CLANG_ANALYZER_NONNULL = YES;
				CLANG_ANALYZER_NUMBER_OBJECT_CONVERSION = YES_AGGRESSIVE;
				CLANG_CXX_LANGUAGE_STANDARD = "gnu++20";
				CLANG_ENABLE_MODULES = YES;
				CLANG_ENABLE_OBJC_ARC = YES;
				CLANG_ENABLE_OBJC_WEAK = YES;
				CLANG_WARN_BLOCK_CAPTURE_AUTORELEASING = YES;
				CLANG_WARN_BOOL_CONVERSION = YES;
				CLANG_WARN_COMMA = YES;
				CLANG_WARN_CONSTANT_CONVERSION = YES;
				CLANG_WARN_DEPRECATED_OBJC_IMPLEMENTATIONS = YES;
				CLANG_WARN_DIRECT_OBJC_ISA_USAGE = YES_ERROR;
				CLANG_WARN_DOCUMENTATION_COMMENTS = YES;
				CLANG_WARN_EMPTY_BODY = YES;
				CLANG_WARN_ENUM_CONVERSION = YES;
				CLANG_WARN_INFINITE_RECURSION = YES;
				CLANG_WARN_INT_CONVERSION = YES;
				CLANG_WARN_NON_LITERAL_NULL_CONVERSION = YES;
				CLANG_WARN_OBJC_IMPLICIT_RETAIN_SELF = YES;
				CLANG_WARN_OBJC_LITERAL_CONVERSION = YES;
				CLANG_WARN_OBJC_ROOT_CLASS = YES_ERROR;
				CLANG_WARN_QUOTED_INCLUDE_IN_FRAMEWORK_HEADER = YES;
				CLANG_WARN_RANGE_LOOP_ANALYSIS = YES;
				CLANG_WARN_STRICT_PROTOTYPES = YES;
				CLANG_WARN_SUSPICIOUS_MOVE = YES;
				CLANG_WARN_UNGUARDED_AVAILABILITY = YES_AGGRESSIVE;
				CLANG_WARN_UNREACHABLE_CODE = YES;
				CLANG_WARN__DUPLICATE_METHOD_MATCH = YES;
				COPY_PHASE_STRIP = NO;
				DEBUG_INFORMATION_FORMAT = "dwarf-with-dsym";
				ENABLE_NS_ASSERTIONS = NO;
				ENABLE_STRICT_OBJC_MSGSEND = YES;
				GCC_C_LANGUAGE_STANDARD = gnu11;
				GCC_NO_COMMON_BLOCKS = YES;
				GCC_WARN_64_TO_32_BIT_CONVERSION = YES;
				GCC_WARN_ABOUT_RETURN_TYPE = YES_ERROR;
				GCC_WARN_UNDECLARED_SELECTOR = YES;
				GCC_WARN_UNINITIALIZED_AUTOS = YES_AGGRESSIVE;
				GCC_WARN_UNUSED_FUNCTION = YES;
				GCC_WARN_UNUSED_VARIABLE = YES;
				MACOSX_DEPLOYMENT_TARGET = 12.6;
				MTL_ENABLE_DEBUG_INFO = NO;
				MTL_FAST_MATH = YES;
				SDKROOT = macosx;
				SWIFT_COMPILATION_MODE = wholemodule;
				SWIFT_OPTIMIZATION_LEVEL = "-O";
			};
			name = Release;
		};
		85CBBFB22954CD8E00E3C634 /* Debug */ = {
			isa = XCBuildConfiguration;
			buildSettings = {
				ASSETCATALOG_COMPILER_APPICON_NAME = AppIcon;
				ASSETCATALOG_COMPILER_GLOBAL_ACCENT_COLOR_NAME = AccentColor;
				CODE_SIGN_ENTITLEMENTS = Screens/Screens.entitlements;
				CODE_SIGN_STYLE = Automatic;
				COMBINE_HIDPI_IMAGES = YES;
				CURRENT_PROJECT_VERSION = 1;
				DEVELOPMENT_ASSET_PATHS = "\"Screens/Preview Content\"";
				DEVELOPMENT_TEAM = 288H3WAR3W;
				ENABLE_HARDENED_RUNTIME = YES;
				ENABLE_PREVIEWS = YES;
				GENERATE_INFOPLIST_FILE = YES;
				INFOPLIST_FILE = Screens/Info.plist;
				INFOPLIST_KEY_NSAppleEventsUsageDescription = "Allows opening screens in Terminal";
				INFOPLIST_KEY_NSHumanReadableCopyright = "";
				LD_RUNPATH_SEARCH_PATHS = (
					"$(inherited)",
					"@executable_path/../Frameworks",
				);
				MACOSX_DEPLOYMENT_TARGET = 12.6;
				MARKETING_VERSION = 1.0;
				PRODUCT_BUNDLE_IDENTIFIER = com.jedfox.Screens;
				PRODUCT_NAME = "$(TARGET_NAME)";
				SWIFT_EMIT_LOC_STRINGS = YES;
				SWIFT_VERSION = 5.0;
			};
			name = Debug;
		};
		85CBBFB32954CD8E00E3C634 /* Release */ = {
			isa = XCBuildConfiguration;
			buildSettings = {
				ASSETCATALOG_COMPILER_APPICON_NAME = AppIcon;
				ASSETCATALOG_COMPILER_GLOBAL_ACCENT_COLOR_NAME = AccentColor;
				CODE_SIGN_ENTITLEMENTS = Screens/Screens.entitlements;
				CODE_SIGN_STYLE = Automatic;
				COMBINE_HIDPI_IMAGES = YES;
				CURRENT_PROJECT_VERSION = 1;
				DEVELOPMENT_ASSET_PATHS = "\"Screens/Preview Content\"";
				DEVELOPMENT_TEAM = 288H3WAR3W;
				ENABLE_HARDENED_RUNTIME = YES;
				ENABLE_PREVIEWS = YES;
				GENERATE_INFOPLIST_FILE = YES;
				INFOPLIST_FILE = Screens/Info.plist;
				INFOPLIST_KEY_NSAppleEventsUsageDescription = "Allows opening screens in Terminal";
				INFOPLIST_KEY_NSHumanReadableCopyright = "";
				LD_RUNPATH_SEARCH_PATHS = (
					"$(inherited)",
					"@executable_path/../Frameworks",
				);
				MACOSX_DEPLOYMENT_TARGET = 12.6;
				MARKETING_VERSION = 1.0;
				PRODUCT_BUNDLE_IDENTIFIER = com.jedfox.Screens;
				PRODUCT_NAME = "$(TARGET_NAME)";
				SWIFT_EMIT_LOC_STRINGS = YES;
				SWIFT_VERSION = 5.0;
			};
			name = Release;
		};
/* End XCBuildConfiguration section */

/* Begin XCConfigurationList section */
		85CBBF9D2954CD8D00E3C634 /* Build configuration list for PBXProject "Screens" */ = {
			isa = XCConfigurationList;
			buildConfigurations = (
				85CBBFAF2954CD8E00E3C634 /* Debug */,
				85CBBFB02954CD8E00E3C634 /* Release */,
			);
			defaultConfigurationIsVisible = 0;
			defaultConfigurationName = Release;
		};
		85CBBFB12954CD8E00E3C634 /* Build configuration list for PBXNativeTarget "Screens" */ = {
			isa = XCConfigurationList;
			buildConfigurations = (
				85CBBFB22954CD8E00E3C634 /* Debug */,
				85CBBFB32954CD8E00E3C634 /* Release */,
			);
			defaultConfigurationIsVisible = 0;
			defaultConfigurationName = Release;
		};
/* End XCConfigurationList section */
	};
	rootObject = 85CBBF9A2954CD8D00E3C634 /* Project object */;
}
